
Microsoft Visual Studio Solution File, Format Version 12.00
Project("{2150E333-8FDC-42A3-9474-1A3956D46DE8}") = "Src", "Src", "{C0C1A48D-106D-4E7D-8AB6-142B8ECCF832}"
EndProject
Project("{2150E333-8FDC-42A3-9474-1A3956D46DE8}") = "Test", "Test", "{329A308E-FABE-40A6-B8B3-E5D9DB72D73A}"
EndProject
Project("{2150E333-8FDC-42A3-9474-1A3956D46DE8}") = "Samples", "Samples", "{E34577B3-8112-4207-85A0-67F7B212D94E}"
EndProject
Project("{FAE04EC0-301F-11D3-BF4B-00C04F79EFBC}") = "CoreBrew.AppStarter", "Src\CoreBrew.AppStarter\CoreBrew.AppStarter.csproj", "{40589C16-D4A4-4D0B-8FFE-B28D3183DE10}"
EndProject
Project("{FAE04EC0-301F-11D3-BF4B-00C04F79EFBC}") = "Test.CoreBrew.AppStarter", "Test\Test.CoreBrew.AppStarter\Test.CoreBrew.AppStarter.csproj", "{1C3B422C-2611-4054-A0F4-C1A7A2541410}"
EndProject
Project("{2150E333-8FDC-42A3-9474-1A3956D46DE8}") = "AppStarter", "AppStarter", "{DFEDEC8B-9F10-4EE2-BD7B-D97816C83BE9}"
EndProject
Project("{FAE04EC0-301F-11D3-BF4B-00C04F79EFBC}") = "AppStarterMinimalSample", "Samples\AppStarter\AppStarterMinimalSample\AppStarterMinimalSample.csproj", "{592F8EB0-ADFD-4E74-BB8D-CFE948354F2C}"
EndProject
Project("{FAE04EC0-301F-11D3-BF4B-00C04F79EFBC}") = "RefernceSampleProject", "Samples\AppStarter\RefernceSampleProject\RefernceSampleProject.csproj", "{DCF132BC-95DD-4755-9EF4-3BF208654757}"
EndProject
Project("{FAE04EC0-301F-11D3-BF4B-00C04F79EFBC}") = "AppStarterWebApplication", "Samples\AppStarter\AppStarterWebApplication\AppStarterWebApplication.csproj", "{56C41A9B-E6DE-4AA4-B142-C4DC25EDDFAB}"
EndProject
Project("{2150E333-8FDC-42A3-9474-1A3956D46DE8}") = "Logging", "Logging", "{26E0FF54-7A77-453B-85F1-D315FDDE1CBF}"
EndProject
Project("{2150E333-8FDC-42A3-9474-1A3956D46DE8}") = "Serilog", "Serilog", "{BDAF021E-4592-4656-B84E-71CB39AAF291}"
EndProject
Project("{FAE04EC0-301F-11D3-BF4B-00C04F79EFBC}") = "CoreBrew.AppStarter.Logging.Serilog", "Src\CoreBrew.AppStarter.Logging.Serilog\CoreBrew.AppStarter.Logging.Serilog.csproj", "{22EA8FD1-B9C6-4BDF-B2EB-92E66824D610}"
EndProject
Project("{FAE04EC0-301F-11D3-BF4B-00C04F79EFBC}") = "SerilogSampleService", "Samples\Logging\Serilog\SerilogSampleService\SerilogSampleService.csproj", "{8CBF6AF8-C674-4B1D-A7D5-602A14E1017C}"
EndProject
Project("{FAE04EC0-301F-11D3-BF4B-00C04F79EFBC}") = "MudBlazorSample", "Samples\AppStarter\MudBlazorSample\MudBlazorSample.csproj", "{E8FA039A-DEBE-44BC-ADEC-F9ED2895F3D5}"
EndProject
Project("{FAE04EC0-301F-11D3-BF4B-00C04F79EFBC}") = "AppStarterWpfSample", "Samples\AppStarterWpfSample\AppStarterWpfSample.csproj", "{555E2982-1808-4580-A1F1-11643A39883B}"
EndProject
Project("{FAE04EC0-301F-11D3-BF4B-00C04F79EFBC}") = "CoreBrew.AppStarter.Wpf", "Src\CoreBrew.AppStarter.Wpf\CoreBrew.AppStarter.Wpf.csproj", "{9AFB5718-EEE7-41F1-BBDB-C62C19075A9D}"
EndProject
Global
	GlobalSection(SolutionConfigurationPlatforms) = preSolution
		Debug|Any CPU = Debug|Any CPU
		Release|Any CPU = Release|Any CPU
	EndGlobalSection
	GlobalSection(NestedProjects) = preSolution
		{40589C16-D4A4-4D0B-8FFE-B28D3183DE10} = {C0C1A48D-106D-4E7D-8AB6-142B8ECCF832}
		{1C3B422C-2611-4054-A0F4-C1A7A2541410} = {329A308E-FABE-40A6-B8B3-E5D9DB72D73A}
		{DFEDEC8B-9F10-4EE2-BD7B-D97816C83BE9} = {E34577B3-8112-4207-85A0-67F7B212D94E}
		{592F8EB0-ADFD-4E74-BB8D-CFE948354F2C} = {DFEDEC8B-9F10-4EE2-BD7B-D97816C83BE9}
		{DCF132BC-95DD-4755-9EF4-3BF208654757} = {DFEDEC8B-9F10-4EE2-BD7B-D97816C83BE9}
		{56C41A9B-E6DE-4AA4-B142-C4DC25EDDFAB} = {DFEDEC8B-9F10-4EE2-BD7B-D97816C83BE9}
		{26E0FF54-7A77-453B-85F1-D315FDDE1CBF} = {E34577B3-8112-4207-85A0-67F7B212D94E}
		{BDAF021E-4592-4656-B84E-71CB39AAF291} = {26E0FF54-7A77-453B-85F1-D315FDDE1CBF}
		{22EA8FD1-B9C6-4BDF-B2EB-92E66824D610} = {C0C1A48D-106D-4E7D-8AB6-142B8ECCF832}
		{8CBF6AF8-C674-4B1D-A7D5-602A14E1017C} = {BDAF021E-4592-4656-B84E-71CB39AAF291}
		{E8FA039A-DEBE-44BC-ADEC-F9ED2895F3D5} = {DFEDEC8B-9F10-4EE2-BD7B-D97816C83BE9}
		{555E2982-1808-4580-A1F1-11643A39883B} = {DFEDEC8B-9F10-4EE2-BD7B-D97816C83BE9}
		{9AFB5718-EEE7-41F1-BBDB-C62C19075A9D} = {C0C1A48D-106D-4E7D-8AB6-142B8ECCF832}
	EndGlobalSection
	GlobalSection(ProjectConfigurationPlatforms) = postSolution
		{40589C16-D4A4-4D0B-8FFE-B28D3183DE10}.Debug|Any CPU.ActiveCfg = Debug|Any CPU
		{40589C16-D4A4-4D0B-8FFE-B28D3183DE10}.Debug|Any CPU.Build.0 = Debug|Any CPU
		{40589C16-D4A4-4D0B-8FFE-B28D3183DE10}.Release|Any CPU.ActiveCfg = Release|Any CPU
		{40589C16-D4A4-4D0B-8FFE-B28D3183DE10}.Release|Any CPU.Build.0 = Release|Any CPU
		{1C3B422C-2611-4054-A0F4-C1A7A2541410}.Debug|Any CPU.ActiveCfg = Debug|Any CPU
		{1C3B422C-2611-4054-A0F4-C1A7A2541410}.Debug|Any CPU.Build.0 = Debug|Any CPU
		{1C3B422C-2611-4054-A0F4-C1A7A2541410}.Release|Any CPU.ActiveCfg = Release|Any CPU
		{1C3B422C-2611-4054-A0F4-C1A7A2541410}.Release|Any CPU.Build.0 = Release|Any CPU
		{592F8EB0-ADFD-4E74-BB8D-CFE948354F2C}.Debug|Any CPU.ActiveCfg = Debug|Any CPU
		{592F8EB0-ADFD-4E74-BB8D-CFE948354F2C}.Debug|Any CPU.Build.0 = Debug|Any CPU
		{592F8EB0-ADFD-4E74-BB8D-CFE948354F2C}.Release|Any CPU.ActiveCfg = Release|Any CPU
		{592F8EB0-ADFD-4E74-BB8D-CFE948354F2C}.Release|Any CPU.Build.0 = Release|Any CPU
		{DCF132BC-95DD-4755-9EF4-3BF208654757}.Debug|Any CPU.ActiveCfg = Debug|Any CPU
		{DCF132BC-95DD-4755-9EF4-3BF208654757}.Debug|Any CPU.Build.0 = Debug|Any CPU
		{DCF132BC-95DD-4755-9EF4-3BF208654757}.Release|Any CPU.ActiveCfg = Release|Any CPU
		{DCF132BC-95DD-4755-9EF4-3BF208654757}.Release|Any CPU.Build.0 = Release|Any CPU
		{56C41A9B-E6DE-4AA4-B142-C4DC25EDDFAB}.Debug|Any CPU.ActiveCfg = Debug|Any CPU
		{56C41A9B-E6DE-4AA4-B142-C4DC25EDDFAB}.Debug|Any CPU.Build.0 = Debug|Any CPU
		{56C41A9B-E6DE-4AA4-B142-C4DC25EDDFAB}.Release|Any CPU.ActiveCfg = Release|Any CPU
		{56C41A9B-E6DE-4AA4-B142-C4DC25EDDFAB}.Release|Any CPU.Build.0 = Release|Any CPU
		{22EA8FD1-B9C6-4BDF-B2EB-92E66824D610}.Debug|Any CPU.ActiveCfg = Debug|Any CPU
		{22EA8FD1-B9C6-4BDF-B2EB-92E66824D610}.Debug|Any CPU.Build.0 = Debug|Any CPU
		{22EA8FD1-B9C6-4BDF-B2EB-92E66824D610}.Release|Any CPU.ActiveCfg = Release|Any CPU
		{22EA8FD1-B9C6-4BDF-B2EB-92E66824D610}.Release|Any CPU.Build.0 = Release|Any CPU
		{8CBF6AF8-C674-4B1D-A7D5-602A14E1017C}.Debug|Any CPU.ActiveCfg = Debug|Any CPU
		{8CBF6AF8-C674-4B1D-A7D5-602A14E1017C}.Debug|Any CPU.Build.0 = Debug|Any CPU
		{8CBF6AF8-C674-4B1D-A7D5-602A14E1017C}.Release|Any CPU.ActiveCfg = Release|Any CPU
		{8CBF6AF8-C674-4B1D-A7D5-602A14E1017C}.Release|Any CPU.Build.0 = Release|Any CPU
		{E8FA039A-DEBE-44BC-ADEC-F9ED2895F3D5}.Debug|Any CPU.ActiveCfg = Debug|Any CPU
		{E8FA039A-DEBE-44BC-ADEC-F9ED2895F3D5}.Debug|Any CPU.Build.0 = Debug|Any CPU
		{E8FA039A-DEBE-44BC-ADEC-F9ED2895F3D5}.Release|Any CPU.ActiveCfg = Release|Any CPU
		{E8FA039A-DEBE-44BC-ADEC-F9ED2895F3D5}.Release|Any CPU.Build.0 = Release|Any CPU
		{555E2982-1808-4580-A1F1-11643A39883B}.Debug|Any CPU.ActiveCfg = Debug|Any CPU
		{555E2982-1808-4580-A1F1-11643A39883B}.Debug|Any CPU.Build.0 = Debug|Any CPU
		{555E2982-1808-4580-A1F1-11643A39883B}.Release|Any CPU.ActiveCfg = Release|Any CPU
		{555E2982-1808-4580-A1F1-11643A39883B}.Release|Any CPU.Build.0 = Release|Any CPU
		{9AFB5718-EEE7-41F1-BBDB-C62C19075A9D}.Debug|Any CPU.ActiveCfg = Debug|Any CPU
		{9AFB5718-EEE7-41F1-BBDB-C62C19075A9D}.Debug|Any CPU.Build.0 = Debug|Any CPU
		{9AFB5718-EEE7-41F1-BBDB-C62C19075A9D}.Release|Any CPU.ActiveCfg = Release|Any CPU
		{9AFB5718-EEE7-41F1-BBDB-C62C19075A9D}.Release|Any CPU.Build.0 = Release|Any CPU
	EndGlobalSection
EndGlobal
